
Microsoft Visual Studio Solution File, Format Version 12.00
# Visual Studio Version 17
VisualStudioVersion = 17.0.31903.59
MinimumVisualStudioVersion = 10.0.40219.1
Project("{9A19103F-16F7-4668-BE54-9A1E7A4F7556}") = "NeoAgi.Threading.RateLimiting", "src\NeoAgi.Threading.RateLimiting.csproj", "{00D5E3BF-0D81-4EB4-A490-4A095139570A}"
EndProject
Project("{9A19103F-16F7-4668-BE54-9A1E7A4F7556}") = "NeoAgi.Threading.RateLimiting.Test", "test\NeoAgi.Threading.RateLimiting.Test.csproj", "{543F1D9E-F45D-477C-81EE-B3ACD63A9405}"
EndProject
Project("{2150E333-8FDC-42A3-9474-1A3956D46DE8}") = "Repository Files", "Repository Files", "{386B237E-6E50-40B0-B296-4B67F531810E}"
	ProjectSection(SolutionItems) = preProject
		.dockerignore = .dockerignore
		.editorconfig = .editorconfig
		.gitignore = .gitignore
		LICENSE = LICENSE
		README.md = README.md
	EndProjectSection
EndProject
Project("{2150E333-8FDC-42A3-9474-1A3956D46DE8}") = "GitHub Workflows", "GitHub Workflows", "{CBB60D7C-26C6-433A-854C-16B9BF973BA1}"
	ProjectSection(SolutionItems) = preProject
		.github\workflows\build-and-publish-nuget-artifact.yml = .github\workflows\build-and-publish-nuget-artifact.yml
	EndProjectSection
EndProject
Global
	GlobalSection(SolutionConfigurationPlatforms) = preSolution
		Debug|Any CPU = Debug|Any CPU
		Release|Any CPU = Release|Any CPU
	EndGlobalSection
	GlobalSection(ProjectConfigurationPlatforms) = postSolution
		{00D5E3BF-0D81-4EB4-A490-4A095139570A}.Debug|Any CPU.ActiveCfg = Debug|Any CPU
		{00D5E3BF-0D81-4EB4-A490-4A095139570A}.Debug|Any CPU.Build.0 = Debug|Any CPU
		{00D5E3BF-0D81-4EB4-A490-4A095139570A}.Release|Any CPU.ActiveCfg = Release|Any CPU
		{00D5E3BF-0D81-4EB4-A490-4A095139570A}.Release|Any CPU.Build.0 = Release|Any CPU
		{543F1D9E-F45D-477C-81EE-B3ACD63A9405}.Debug|Any CPU.ActiveCfg = Debug|Any CPU
		{543F1D9E-F45D-477C-81EE-B3ACD63A9405}.Debug|Any CPU.Build.0 = Debug|Any CPU
		{543F1D9E-F45D-477C-81EE-B3ACD63A9405}.Release|Any CPU.ActiveCfg = Release|Any CPU
		{543F1D9E-F45D-477C-81EE-B3ACD63A9405}.Release|Any CPU.Build.0 = Release|Any CPU
	EndGlobalSection
	GlobalSection(SolutionProperties) = preSolution
		HideSolutionNode = FALSE
	EndGlobalSection
	GlobalSection(ExtensibilityGlobals) = postSolution
		SolutionGuid = {E749027B-E7EB-4E4C-B8D8-447C21C54ED4}
	EndGlobalSection
EndGlobal
